
Microsoft Visual Studio Solution File, Format Version 12.00
# Visual Studio Version 17
VisualStudioVersion = 17.9.34723.18
MinimumVisualStudioVersion = 10.0.40219.1
Project("{9A19103F-16F7-4668-BE54-9A1E7A4F7556}") = "TransactionSystem", "TransactionSystem\TransactionSystem.csproj", "{93909A98-0816-4C79-B4B6-B3DA8AD4FAF5}"
EndProject
Project("{9A19103F-16F7-4668-BE54-9A1E7A4F7556}") = "TransactionSystem.Models", "TransactionSystem.Models\TransactionSystem.Models.csproj", "{074130DE-7D26-4C09-9B85-87B51E088BFE}"
EndProject
Project("{9A19103F-16F7-4668-BE54-9A1E7A4F7556}") = "TransactionSystem.Data", "TransactionSystem.Data\TransactionSystem.Data.csproj", "{BC6F670F-2E12-4590-AB47-E95F4486B367}"
EndProject
Project("{9A19103F-16F7-4668-BE54-9A1E7A4F7556}") = "TransactionSystem.Core", "TransactionSystem.Core\TransactionSystem.Core.csproj", "{84BF04C8-52C8-480D-98AC-EDEB94C414DB}"
EndProject
Project("{9A19103F-16F7-4668-BE54-9A1E7A4F7556}") = "TransactionSystem.Data.InMemory", "TransactionSystem.Data.InMemory\TransactionSystem.Data.InMemory.csproj", "{E0B5B6C0-0A54-4AA3-8A87-7D06E2620F6A}"
EndProject
Project("{FAE04EC0-301F-11D3-BF4B-00C04F79EFBC}") = "TransactionSystem.Tests", "TransactionSystem.Tests\TransactionSystem.Tests.csproj", "{0B08BB7A-6F71-4DE2-9611-0DF198497649}"
EndProject
Project("{2150E333-8FDC-42A3-9474-1A3956D46DE8}") = "Solution Items", "Solution Items", "{C8B37595-FD23-4C4E-A804-A9E00E3DDC54}"
	ProjectSection(SolutionItems) = preProject
		README.md = README.md
	EndProjectSection
EndProject
Global
	GlobalSection(SolutionConfigurationPlatforms) = preSolution
		Debug|Any CPU = Debug|Any CPU
		Release|Any CPU = Release|Any CPU
	EndGlobalSection
	GlobalSection(ProjectConfigurationPlatforms) = postSolution
		{93909A98-0816-4C79-B4B6-B3DA8AD4FAF5}.Debug|Any CPU.ActiveCfg = Debug|Any CPU
		{93909A98-0816-4C79-B4B6-B3DA8AD4FAF5}.Debug|Any CPU.Build.0 = Debug|Any CPU
		{93909A98-0816-4C79-B4B6-B3DA8AD4FAF5}.Release|Any CPU.ActiveCfg = Release|Any CPU
		{93909A98-0816-4C79-B4B6-B3DA8AD4FAF5}.Release|Any CPU.Build.0 = Release|Any CPU
		{074130DE-7D26-4C09-9B85-87B51E088BFE}.Debug|Any CPU.ActiveCfg = Debug|Any CPU
		{074130DE-7D26-4C09-9B85-87B51E088BFE}.Debug|Any CPU.Build.0 = Debug|Any CPU
		{074130DE-7D26-4C09-9B85-87B51E088BFE}.Release|Any CPU.ActiveCfg = Release|Any CPU
		{074130DE-7D26-4C09-9B85-87B51E088BFE}.Release|Any CPU.Build.0 = Release|Any CPU
		{BC6F670F-2E12-4590-AB47-E95F4486B367}.Debug|Any CPU.ActiveCfg = Debug|Any CPU
		{BC6F670F-2E12-4590-AB47-E95F4486B367}.Debug|Any CPU.Build.0 = Debug|Any CPU
		{BC6F670F-2E12-4590-AB47-E95F4486B367}.Release|Any CPU.ActiveCfg = Release|Any CPU
		{BC6F670F-2E12-4590-AB47-E95F4486B367}.Release|Any CPU.Build.0 = Release|Any CPU
		{84BF04C8-52C8-480D-98AC-EDEB94C414DB}.Debug|Any CPU.ActiveCfg = Debug|Any CPU
		{84BF04C8-52C8-480D-98AC-EDEB94C414DB}.Debug|Any CPU.Build.0 = Debug|Any CPU
		{84BF04C8-52C8-480D-98AC-EDEB94C414DB}.Release|Any CPU.ActiveCfg = Release|Any CPU
		{84BF04C8-52C8-480D-98AC-EDEB94C414DB}.Release|Any CPU.Build.0 = Release|Any CPU
		{E0B5B6C0-0A54-4AA3-8A87-7D06E2620F6A}.Debug|Any CPU.ActiveCfg = Debug|Any CPU
		{E0B5B6C0-0A54-4AA3-8A87-7D06E2620F6A}.Debug|Any CPU.Build.0 = Debug|Any CPU
		{E0B5B6C0-0A54-4AA3-8A87-7D06E2620F6A}.Release|Any CPU.ActiveCfg = Release|Any CPU
		{E0B5B6C0-0A54-4AA3-8A87-7D06E2620F6A}.Release|Any CPU.Build.0 = Release|Any CPU
		{0B08BB7A-6F71-4DE2-9611-0DF198497649}.Debug|Any CPU.ActiveCfg = Debug|Any CPU
		{0B08BB7A-6F71-4DE2-9611-0DF198497649}.Debug|Any CPU.Build.0 = Debug|Any CPU
		{0B08BB7A-6F71-4DE2-9611-0DF198497649}.Release|Any CPU.ActiveCfg = Release|Any CPU
		{0B08BB7A-6F71-4DE2-9611-0DF198497649}.Release|Any CPU.Build.0 = Release|Any CPU
	EndGlobalSection
	GlobalSection(SolutionProperties) = preSolution
		HideSolutionNode = FALSE
	EndGlobalSection
	GlobalSection(ExtensibilityGlobals) = postSolution
		SolutionGuid = {BF271035-7E7A-43BC-963D-70AC16A06452}
	EndGlobalSection
EndGlobal
