
Microsoft Visual Studio Solution File, Format Version 12.00
# Visual Studio Version 17
VisualStudioVersion = 17.9.34723.18
MinimumVisualStudioVersion = 10.0.40219.1
Project("{9A19103F-16F7-4668-BE54-9A1E7A4F7556}") = "TransactionSystem", "TransactionSystem\TransactionSystem.csproj", "{93909A98-0816-4C79-B4B6-B3DA8AD4FAF5}"
EndProject
Project("{9A19103F-16F7-4668-BE54-9A1E7A4F7556}") = "TransactionSystem.Models", "TransactionSystem.Models\TransactionSystem.Models.csproj", "{074130DE-7D26-4C09-9B85-87B51E088BFE}"
EndProject
Project("{9A19103F-16F7-4668-BE54-9A1E7A4F7556}") = "TransactionSystem.Data", "TransactionSystem.Data\TransactionSystem.Data.csproj", "{BC6F670F-2E12-4590-AB47-E95F4486B367}"
EndProject
Project("{FAE04EC0-301F-11D3-BF4B-00C04F79EFBC}") = "TransactionSystem.Core", "TransactionSystem.Core\TransactionSystem.Core.csproj", "{84BF04C8-52C8-480D-98AC-EDEB94C414DB}"
EndProject
Global
	GlobalSection(SolutionConfigurationPlatforms) = preSolution
		Debug|Any CPU = Debug|Any CPU
		Release|Any CPU = Release|Any CPU
	EndGlobalSection
	GlobalSection(ProjectConfigurationPlatforms) = postSolution
		{93909A98-0816-4C79-B4B6-B3DA8AD4FAF5}.Debug|Any CPU.ActiveCfg = Debug|Any CPU
		{93909A98-0816-4C79-B4B6-B3DA8AD4FAF5}.Debug|Any CPU.Build.0 = Debug|Any CPU
		{93909A98-0816-4C79-B4B6-B3DA8AD4FAF5}.Release|Any CPU.ActiveCfg = Release|Any CPU
		{93909A98-0816-4C79-B4B6-B3DA8AD4FAF5}.Release|Any CPU.Build.0 = Release|Any CPU
		{074130DE-7D26-4C09-9B85-87B51E088BFE}.Debug|Any CPU.ActiveCfg = Debug|Any CPU
		{074130DE-7D26-4C09-9B85-87B51E088BFE}.Debug|Any CPU.Build.0 = Debug|Any CPU
		{074130DE-7D26-4C09-9B85-87B51E088BFE}.Release|Any CPU.ActiveCfg = Release|Any CPU
		{074130DE-7D26-4C09-9B85-87B51E088BFE}.Release|Any CPU.Build.0 = Release|Any CPU
		{BC6F670F-2E12-4590-AB47-E95F4486B367}.Debug|Any CPU.ActiveCfg = Debug|Any CPU
		{BC6F670F-2E12-4590-AB47-E95F4486B367}.Debug|Any CPU.Build.0 = Debug|Any CPU
		{BC6F670F-2E12-4590-AB47-E95F4486B367}.Release|Any CPU.ActiveCfg = Release|Any CPU
		{BC6F670F-2E12-4590-AB47-E95F4486B367}.Release|Any CPU.Build.0 = Release|Any CPU
		{84BF04C8-52C8-480D-98AC-EDEB94C414DB}.Debug|Any CPU.ActiveCfg = Debug|Any CPU
		{84BF04C8-52C8-480D-98AC-EDEB94C414DB}.Debug|Any CPU.Build.0 = Debug|Any CPU
		{84BF04C8-52C8-480D-98AC-EDEB94C414DB}.Release|Any CPU.ActiveCfg = Release|Any CPU
		{84BF04C8-52C8-480D-98AC-EDEB94C414DB}.Release|Any CPU.Build.0 = Release|Any CPU
	EndGlobalSection
	GlobalSection(SolutionProperties) = preSolution
		HideSolutionNode = FALSE
	EndGlobalSection
	GlobalSection(ExtensibilityGlobals) = postSolution
		SolutionGuid = {BF271035-7E7A-43BC-963D-70AC16A06452}
	EndGlobalSection
EndGlobal
